
Microsoft Visual Studio Solution File, Format Version 12.00
# Visual Studio Version 16
VisualStudioVersion = 16.0.31321.278
MinimumVisualStudioVersion = 10.0.40219.1
Project("{8BC9CEB8-8B4A-11D0-8D11-00A0C91BC942}") = "Homework_8_Pascal_Triangle", "Homework_8_Pascal_Triangle\Homework_8_Pascal_Triangle.vcxproj", "{056F89A8-4F08-48ED-81D0-D95621554276}"
EndProject
Project("{2150E333-8FDC-42A3-9474-1A3956D46DE8}") = "Solution Items", "Solution Items", "{F2072C4D-DAE0-46AE-9CB2-83861744933D}"
EndProject
Project("{8BC9CEB8-8B4A-11D0-8D11-00A0C91BC942}") = "UnitTest", "UnitTest\UnitTest.vcxproj", "{6E588585-1C50-4367-A4B9-F2FFB70CDA71}"
EndProject
Global
	GlobalSection(SolutionConfigurationPlatforms) = preSolution
		Debug|x64 = Debug|x64
		Debug|x86 = Debug|x86
		Release|x64 = Release|x64
		Release|x86 = Release|x86
	EndGlobalSection
	GlobalSection(ProjectConfigurationPlatforms) = postSolution
		{056F89A8-4F08-48ED-81D0-D95621554276}.Debug|x64.ActiveCfg = Debug|x64
		{056F89A8-4F08-48ED-81D0-D95621554276}.Debug|x64.Build.0 = Debug|x64
		{056F89A8-4F08-48ED-81D0-D95621554276}.Debug|x86.ActiveCfg = Debug|Win32
		{056F89A8-4F08-48ED-81D0-D95621554276}.Debug|x86.Build.0 = Debug|Win32
		{056F89A8-4F08-48ED-81D0-D95621554276}.Release|x64.ActiveCfg = Release|x64
		{056F89A8-4F08-48ED-81D0-D95621554276}.Release|x64.Build.0 = Release|x64
		{056F89A8-4F08-48ED-81D0-D95621554276}.Release|x86.ActiveCfg = Release|Win32
		{056F89A8-4F08-48ED-81D0-D95621554276}.Release|x86.Build.0 = Release|Win32
		{6E588585-1C50-4367-A4B9-F2FFB70CDA71}.Debug|x64.ActiveCfg = Debug|x64
		{6E588585-1C50-4367-A4B9-F2FFB70CDA71}.Debug|x64.Build.0 = Debug|x64
		{6E588585-1C50-4367-A4B9-F2FFB70CDA71}.Debug|x86.ActiveCfg = Debug|Win32
		{6E588585-1C50-4367-A4B9-F2FFB70CDA71}.Debug|x86.Build.0 = Debug|Win32
		{6E588585-1C50-4367-A4B9-F2FFB70CDA71}.Release|x64.ActiveCfg = Release|x64
		{6E588585-1C50-4367-A4B9-F2FFB70CDA71}.Release|x64.Build.0 = Release|x64
		{6E588585-1C50-4367-A4B9-F2FFB70CDA71}.Release|x86.ActiveCfg = Release|Win32
		{6E588585-1C50-4367-A4B9-F2FFB70CDA71}.Release|x86.Build.0 = Release|Win32
	EndGlobalSection
	GlobalSection(SolutionProperties) = preSolution
		HideSolutionNode = FALSE
	EndGlobalSection
	GlobalSection(ExtensibilityGlobals) = postSolution
		SolutionGuid = {DEB99D75-51FF-41B1-A53F-F76ADCAD2135}
	EndGlobalSection
EndGlobal
